
Microsoft Visual Studio Solution File, Format Version 12.00
# Visual Studio Version 17
VisualStudioVersion = 17.0.32112.339
MinimumVisualStudioVersion = 10.0.40219.1
Project("{9A19103F-16F7-4668-BE54-9A1E7A4F7556}") = "CardGameDrunkard", "Druncard\CardGameDrunkard.csproj", "{81293D73-B7C7-4CC9-88E9-756FFA1B718E}"
EndProject
Global
	GlobalSection(SolutionConfigurationPlatforms) = preSolution
		Debug|Any CPU = Debug|Any CPU
		Release|Any CPU = Release|Any CPU
	EndGlobalSection
	GlobalSection(ProjectConfigurationPlatforms) = postSolution
		{81293D73-B7C7-4CC9-88E9-756FFA1B718E}.Debug|Any CPU.ActiveCfg = Debug|Any CPU
		{81293D73-B7C7-4CC9-88E9-756FFA1B718E}.Debug|Any CPU.Build.0 = Debug|Any CPU
		{81293D73-B7C7-4CC9-88E9-756FFA1B718E}.Release|Any CPU.ActiveCfg = Release|Any CPU
		{81293D73-B7C7-4CC9-88E9-756FFA1B718E}.Release|Any CPU.Build.0 = Release|Any CPU
	EndGlobalSection
	GlobalSection(SolutionProperties) = preSolution
		HideSolutionNode = FALSE
	EndGlobalSection
	GlobalSection(ExtensibilityGlobals) = postSolution
		SolutionGuid = {23802F5F-03C7-45ED-85DD-80A0575206B1}
	EndGlobalSection
EndGlobal
