
Microsoft Visual Studio Solution File, Format Version 12.00
# Visual Studio Version 17
VisualStudioVersion = 17.0.32014.148
MinimumVisualStudioVersion = 10.0.40219.1
Project("{9A19103F-16F7-4668-BE54-9A1E7A4F7556}") = "HouseBuilding", "HomeBuilding\HouseBuilding.csproj", "{21A9566D-957B-4B8E-9551-45C8D709C6FF}"
EndProject
Project("{9A19103F-16F7-4668-BE54-9A1E7A4F7556}") = "Logger", "Logger\Logger.csproj", "{BF68BF92-F41B-452A-ABE4-5CC23234D15D}"
EndProject
Global
	GlobalSection(SolutionConfigurationPlatforms) = preSolution
		Debug|Any CPU = Debug|Any CPU
		Release|Any CPU = Release|Any CPU
	EndGlobalSection
	GlobalSection(ProjectConfigurationPlatforms) = postSolution
		{21A9566D-957B-4B8E-9551-45C8D709C6FF}.Debug|Any CPU.ActiveCfg = Debug|Any CPU
		{21A9566D-957B-4B8E-9551-45C8D709C6FF}.Debug|Any CPU.Build.0 = Debug|Any CPU
		{21A9566D-957B-4B8E-9551-45C8D709C6FF}.Release|Any CPU.ActiveCfg = Release|Any CPU
		{21A9566D-957B-4B8E-9551-45C8D709C6FF}.Release|Any CPU.Build.0 = Release|Any CPU
		{BF68BF92-F41B-452A-ABE4-5CC23234D15D}.Debug|Any CPU.ActiveCfg = Debug|Any CPU
		{BF68BF92-F41B-452A-ABE4-5CC23234D15D}.Debug|Any CPU.Build.0 = Debug|Any CPU
		{BF68BF92-F41B-452A-ABE4-5CC23234D15D}.Release|Any CPU.ActiveCfg = Release|Any CPU
		{BF68BF92-F41B-452A-ABE4-5CC23234D15D}.Release|Any CPU.Build.0 = Release|Any CPU
	EndGlobalSection
	GlobalSection(SolutionProperties) = preSolution
		HideSolutionNode = FALSE
	EndGlobalSection
	GlobalSection(ExtensibilityGlobals) = postSolution
		SolutionGuid = {D4CD30A7-78FF-42EA-8A54-C476C093EE09}
	EndGlobalSection
EndGlobal
