
Microsoft Visual Studio Solution File, Format Version 12.00
# Visual Studio Version 17
VisualStudioVersion = 17.0.31919.166
MinimumVisualStudioVersion = 10.0.40219.1
Project("{9A19103F-16F7-4668-BE54-9A1E7A4F7556}") = "Fraction_Complex", "ConsoleCSharp20_12_2021\Fraction_Complex.csproj", "{C5203807-4CE3-4D89-BFC6-BE2C5C14643F}"
EndProject
Project("{9A19103F-16F7-4668-BE54-9A1E7A4F7556}") = "Day7(Tanks)", "Day7(Tanks)\Day7(Tanks).csproj", "{3E2FC227-B466-4108-A66A-7F8030EDDB78}"
EndProject
Project("{9A19103F-16F7-4668-BE54-9A1E7A4F7556}") = "MyClassLib", "MyClassLib\MyClassLib.csproj", "{1E3CE90A-B504-4710-921B-E95A0940B697}"
EndProject
Global
	GlobalSection(SolutionConfigurationPlatforms) = preSolution
		Debug|Any CPU = Debug|Any CPU
		Release|Any CPU = Release|Any CPU
	EndGlobalSection
	GlobalSection(ProjectConfigurationPlatforms) = postSolution
		{C5203807-4CE3-4D89-BFC6-BE2C5C14643F}.Debug|Any CPU.ActiveCfg = Debug|Any CPU
		{C5203807-4CE3-4D89-BFC6-BE2C5C14643F}.Debug|Any CPU.Build.0 = Debug|Any CPU
		{C5203807-4CE3-4D89-BFC6-BE2C5C14643F}.Release|Any CPU.ActiveCfg = Release|Any CPU
		{C5203807-4CE3-4D89-BFC6-BE2C5C14643F}.Release|Any CPU.Build.0 = Release|Any CPU
		{3E2FC227-B466-4108-A66A-7F8030EDDB78}.Debug|Any CPU.ActiveCfg = Debug|Any CPU
		{3E2FC227-B466-4108-A66A-7F8030EDDB78}.Debug|Any CPU.Build.0 = Debug|Any CPU
		{3E2FC227-B466-4108-A66A-7F8030EDDB78}.Release|Any CPU.ActiveCfg = Release|Any CPU
		{3E2FC227-B466-4108-A66A-7F8030EDDB78}.Release|Any CPU.Build.0 = Release|Any CPU
		{1E3CE90A-B504-4710-921B-E95A0940B697}.Debug|Any CPU.ActiveCfg = Debug|Any CPU
		{1E3CE90A-B504-4710-921B-E95A0940B697}.Debug|Any CPU.Build.0 = Debug|Any CPU
		{1E3CE90A-B504-4710-921B-E95A0940B697}.Release|Any CPU.ActiveCfg = Release|Any CPU
		{1E3CE90A-B504-4710-921B-E95A0940B697}.Release|Any CPU.Build.0 = Release|Any CPU
	EndGlobalSection
	GlobalSection(SolutionProperties) = preSolution
		HideSolutionNode = FALSE
	EndGlobalSection
	GlobalSection(ExtensibilityGlobals) = postSolution
		SolutionGuid = {97FB0868-FCF9-402D-96B1-0B2BD459EC64}
	EndGlobalSection
EndGlobal
